
Microsoft Visual Studio Solution File, Format Version 12.00
# Visual Studio 2012
Project("{FAE04EC0-301F-11D3-BF4B-00C04F79EFBC}") = "proyecto.Android", "proyecto.Android\proyecto.Android.csproj", "{FCF0F7C4-64E3-48B0-8867-D8851F99D520}"
EndProject
Project("{FAE04EC0-301F-11D3-BF4B-00C04F79EFBC}") = "proyecto.iOS", "proyecto.iOS\proyecto.iOS.csproj", "{035D9DF8-F236-4AC9-922E-268182C18BA2}"
EndProject
Project("{FAE04EC0-301F-11D3-BF4B-00C04F79EFBC}") = "proyecto", "proyecto\proyecto.csproj", "{68C7E9C0-826B-4AB0-9770-C11AAF8FC87B}"
EndProject
Global
	GlobalSection(SolutionConfigurationPlatforms) = preSolution
		Debug|Any CPU = Debug|Any CPU
		Release|Any CPU = Release|Any CPU
		Debug|iPhoneSimulator = Debug|iPhoneSimulator
		Release|iPhoneSimulator = Release|iPhoneSimulator
		Debug|iPhone = Debug|iPhone
		Release|iPhone = Release|iPhone
		Ad-Hoc|iPhone = Ad-Hoc|iPhone
		AppStore|iPhone = AppStore|iPhone
	EndGlobalSection
	GlobalSection(ProjectConfigurationPlatforms) = postSolution
		{FCF0F7C4-64E3-48B0-8867-D8851F99D520}.Debug|Any CPU.ActiveCfg = Debug|Any CPU
		{FCF0F7C4-64E3-48B0-8867-D8851F99D520}.Debug|Any CPU.Build.0 = Debug|Any CPU
		{FCF0F7C4-64E3-48B0-8867-D8851F99D520}.Release|Any CPU.ActiveCfg = Release|Any CPU
		{FCF0F7C4-64E3-48B0-8867-D8851F99D520}.Release|Any CPU.Build.0 = Release|Any CPU
		{FCF0F7C4-64E3-48B0-8867-D8851F99D520}.Debug|iPhoneSimulator.ActiveCfg = Debug|Any CPU
		{FCF0F7C4-64E3-48B0-8867-D8851F99D520}.Debug|iPhoneSimulator.Build.0 = Debug|Any CPU
		{FCF0F7C4-64E3-48B0-8867-D8851F99D520}.Release|iPhoneSimulator.ActiveCfg = Release|Any CPU
		{FCF0F7C4-64E3-48B0-8867-D8851F99D520}.Release|iPhoneSimulator.Build.0 = Release|Any CPU
		{FCF0F7C4-64E3-48B0-8867-D8851F99D520}.Debug|iPhone.ActiveCfg = Debug|Any CPU
		{FCF0F7C4-64E3-48B0-8867-D8851F99D520}.Debug|iPhone.Build.0 = Debug|Any CPU
		{FCF0F7C4-64E3-48B0-8867-D8851F99D520}.Release|iPhone.ActiveCfg = Release|Any CPU
		{FCF0F7C4-64E3-48B0-8867-D8851F99D520}.Release|iPhone.Build.0 = Release|Any CPU
		{FCF0F7C4-64E3-48B0-8867-D8851F99D520}.Ad-Hoc|iPhone.ActiveCfg = Debug|Any CPU
		{FCF0F7C4-64E3-48B0-8867-D8851F99D520}.Ad-Hoc|iPhone.Build.0 = Debug|Any CPU
		{FCF0F7C4-64E3-48B0-8867-D8851F99D520}.AppStore|iPhone.ActiveCfg = Debug|Any CPU
		{FCF0F7C4-64E3-48B0-8867-D8851F99D520}.AppStore|iPhone.Build.0 = Debug|Any CPU
		{035D9DF8-F236-4AC9-922E-268182C18BA2}.Debug|Any CPU.ActiveCfg = Debug|iPhoneSimulator
		{035D9DF8-F236-4AC9-922E-268182C18BA2}.Debug|Any CPU.Build.0 = Debug|iPhoneSimulator
		{035D9DF8-F236-4AC9-922E-268182C18BA2}.Release|Any CPU.ActiveCfg = Release|iPhoneSimulator
		{035D9DF8-F236-4AC9-922E-268182C18BA2}.Release|Any CPU.Build.0 = Release|iPhoneSimulator
		{035D9DF8-F236-4AC9-922E-268182C18BA2}.Debug|iPhoneSimulator.ActiveCfg = Debug|iPhoneSimulator
		{035D9DF8-F236-4AC9-922E-268182C18BA2}.Debug|iPhoneSimulator.Build.0 = Debug|iPhoneSimulator
		{035D9DF8-F236-4AC9-922E-268182C18BA2}.Release|iPhoneSimulator.ActiveCfg = Release|iPhoneSimulator
		{035D9DF8-F236-4AC9-922E-268182C18BA2}.Release|iPhoneSimulator.Build.0 = Release|iPhoneSimulator
		{035D9DF8-F236-4AC9-922E-268182C18BA2}.Debug|iPhone.ActiveCfg = Debug|iPhone
		{035D9DF8-F236-4AC9-922E-268182C18BA2}.Debug|iPhone.Build.0 = Debug|iPhone
		{035D9DF8-F236-4AC9-922E-268182C18BA2}.Release|iPhone.ActiveCfg = Release|iPhone
		{035D9DF8-F236-4AC9-922E-268182C18BA2}.Release|iPhone.Build.0 = Release|iPhone
		{035D9DF8-F236-4AC9-922E-268182C18BA2}.Ad-Hoc|iPhone.ActiveCfg = Ad-Hoc|iPhone
		{035D9DF8-F236-4AC9-922E-268182C18BA2}.Ad-Hoc|iPhone.Build.0 = Ad-Hoc|iPhone
		{035D9DF8-F236-4AC9-922E-268182C18BA2}.AppStore|iPhone.ActiveCfg = AppStore|iPhone
		{035D9DF8-F236-4AC9-922E-268182C18BA2}.AppStore|iPhone.Build.0 = AppStore|iPhone
		{68C7E9C0-826B-4AB0-9770-C11AAF8FC87B}.Debug|Any CPU.ActiveCfg = Debug|Any CPU
		{68C7E9C0-826B-4AB0-9770-C11AAF8FC87B}.Debug|Any CPU.Build.0 = Debug|Any CPU
		{68C7E9C0-826B-4AB0-9770-C11AAF8FC87B}.Release|Any CPU.ActiveCfg = Release|Any CPU
		{68C7E9C0-826B-4AB0-9770-C11AAF8FC87B}.Release|Any CPU.Build.0 = Release|Any CPU
		{68C7E9C0-826B-4AB0-9770-C11AAF8FC87B}.Debug|iPhoneSimulator.ActiveCfg = Debug|Any CPU
		{68C7E9C0-826B-4AB0-9770-C11AAF8FC87B}.Debug|iPhoneSimulator.Build.0 = Debug|Any CPU
		{68C7E9C0-826B-4AB0-9770-C11AAF8FC87B}.Release|iPhoneSimulator.ActiveCfg = Release|Any CPU
		{68C7E9C0-826B-4AB0-9770-C11AAF8FC87B}.Release|iPhoneSimulator.Build.0 = Release|Any CPU
		{68C7E9C0-826B-4AB0-9770-C11AAF8FC87B}.Debug|iPhone.ActiveCfg = Debug|Any CPU
		{68C7E9C0-826B-4AB0-9770-C11AAF8FC87B}.Debug|iPhone.Build.0 = Debug|Any CPU
		{68C7E9C0-826B-4AB0-9770-C11AAF8FC87B}.Release|iPhone.ActiveCfg = Release|Any CPU
		{68C7E9C0-826B-4AB0-9770-C11AAF8FC87B}.Release|iPhone.Build.0 = Release|Any CPU
		{68C7E9C0-826B-4AB0-9770-C11AAF8FC87B}.Ad-Hoc|iPhone.ActiveCfg = Debug|Any CPU
		{68C7E9C0-826B-4AB0-9770-C11AAF8FC87B}.Ad-Hoc|iPhone.Build.0 = Debug|Any CPU
		{68C7E9C0-826B-4AB0-9770-C11AAF8FC87B}.AppStore|iPhone.ActiveCfg = Debug|Any CPU
		{68C7E9C0-826B-4AB0-9770-C11AAF8FC87B}.AppStore|iPhone.Build.0 = Debug|Any CPU
	EndGlobalSection
EndGlobal
